
Microsoft Visual Studio Solution File, Format Version 12.00
# Visual Studio Version 16
VisualStudioVersion = 16.0.30320.27
MinimumVisualStudioVersion = 10.0.40219.1
Project("{888888A0-9F3D-457C-B088-3A5042F75D52}") = "Contours and Shape detection", "Contours and Shape detection.pyproj", "{61187CD5-E557-4662-A981-793DF629F6D2}"
EndProject
Global
	GlobalSection(SolutionConfigurationPlatforms) = preSolution
		Debug|Any CPU = Debug|Any CPU
		Release|Any CPU = Release|Any CPU
	EndGlobalSection
	GlobalSection(ProjectConfigurationPlatforms) = postSolution
		{61187CD5-E557-4662-A981-793DF629F6D2}.Debug|Any CPU.ActiveCfg = Debug|Any CPU
		{61187CD5-E557-4662-A981-793DF629F6D2}.Release|Any CPU.ActiveCfg = Release|Any CPU
	EndGlobalSection
	GlobalSection(SolutionProperties) = preSolution
		HideSolutionNode = FALSE
	EndGlobalSection
	GlobalSection(ExtensibilityGlobals) = postSolution
		SolutionGuid = {FF32F49C-DABA-4370-B7B5-740EABE0F6B6}
	EndGlobalSection
EndGlobal
